// !$*UTF8*$!
{
	archiveVersion = 1;
	classes = {
	};
	objectVersion = 50;
	objects = {

/* Begin PBXBuildFile section */
		257EB08D20DC6490009369A8 /* AppDelegate.swift in Sources */ = {isa = PBXBuildFile; fileRef = 257EB08C20DC6490009369A8 /* AppDelegate.swift */; };
		257EB08F20DC6490009369A8 /* ViewController.swift in Sources */ = {isa = PBXBuildFile; fileRef = 257EB08E20DC6490009369A8 /* ViewController.swift */; };
		257EB09220DC6490009369A8 /* Main.storyboard in Resources */ = {isa = PBXBuildFile; fileRef = 257EB09020DC6490009369A8 /* Main.storyboard */; };
		257EB09420DC6492009369A8 /* Assets.xcassets in Resources */ = {isa = PBXBuildFile; fileRef = 257EB09320DC6492009369A8 /* Assets.xcassets */; };
		257EB09720DC6492009369A8 /* LaunchScreen.storyboard in Resources */ = {isa = PBXBuildFile; fileRef = 257EB09520DC6492009369A8 /* LaunchScreen.storyboard */; };
		257EB09F20DC6BB7009369A8 /* Story.swift in Sources */ = {isa = PBXBuildFile; fileRef = 257EB09E20DC6BB7009369A8 /* Story.swift */; };
		257EB0A120DC6F7B009369A8 /* Page.swift in Sources */ = {isa = PBXBuildFile; fileRef = 257EB0A020DC6F7B009369A8 /* Page.swift */; };
		257EB0A320DC7B89009369A8 /* PageController.swift in Sources */ = {isa = PBXBuildFile; fileRef = 257EB0A220DC7B89009369A8 /* PageController.swift */; };
		257EB0AA20E19BFC009369A8 /* Ominous.wav in Resources */ = {isa = PBXBuildFile; fileRef = 257EB0A720E19BFC009369A8 /* Ominous.wav */; };
		257EB0AB20E19BFC009369A8 /* PageTurn.wav in Resources */ = {isa = PBXBuildFile; fileRef = 257EB0A820E19BFC009369A8 /* PageTurn.wav */; };
		257EB0AC20E19BFC009369A8 /* HappyEnding.wav in Resources */ = {isa = PBXBuildFile; fileRef = 257EB0A920E19BFC009369A8 /* HappyEnding.wav */; };
		257EB0AE20E19C69009369A8 /* Audio.swift in Sources */ = {isa = PBXBuildFile; fileRef = 257EB0AD20E19C69009369A8 /* Audio.swift */; };
/* End PBXBuildFile section */

/* Begin PBXFileReference section */
		257EB08920DC6490009369A8 /* InteractiveStoryApp.app */ = {isa = PBXFileReference; explicitFileType = wrapper.application; includeInIndex = 0; path = InteractiveStoryApp.app; sourceTree = BUILT_PRODUCTS_DIR; };
		257EB08C20DC6490009369A8 /* AppDelegate.swift */ = {isa = PBXFileReference; lastKnownFileType = sourcecode.swift; path = AppDelegate.swift; sourceTree = "<group>"; };
		257EB08E20DC6490009369A8 /* ViewController.swift */ = {isa = PBXFileReference; lastKnownFileType = sourcecode.swift; path = ViewController.swift; sourceTree = "<group>"; };
		257EB09120DC6490009369A8 /* Base */ = {isa = PBXFileReference; lastKnownFileType = file.storyboard; name = Base; path = Base.lproj/Main.storyboard; sourceTree = "<group>"; };
		257EB09320DC6492009369A8 /* Assets.xcassets */ = {isa = PBXFileReference; lastKnownFileType = folder.assetcatalog; path = Assets.xcassets; sourceTree = "<group>"; };
		257EB09620DC6492009369A8 /* Base */ = {isa = PBXFileReference; lastKnownFileType = file.storyboard; name = Base; path = Base.lproj/LaunchScreen.storyboard; sourceTree = "<group>"; };
		257EB09820DC6492009369A8 /* Info.plist */ = {isa = PBXFileReference; lastKnownFileType = text.plist.xml; path = Info.plist; sourceTree = "<group>"; };
		257EB09E20DC6BB7009369A8 /* Story.swift */ = {isa = PBXFileReference; lastKnownFileType = sourcecode.swift; path = Story.swift; sourceTree = "<group>"; };
		257EB0A020DC6F7B009369A8 /* Page.swift */ = {isa = PBXFileReference; lastKnownFileType = sourcecode.swift; path = Page.swift; sourceTree = "<group>"; };
		257EB0A220DC7B89009369A8 /* PageController.swift */ = {isa = PBXFileReference; lastKnownFileType = sourcecode.swift; path = PageController.swift; sourceTree = "<group>"; };
		257EB0A720E19BFC009369A8 /* Ominous.wav */ = {isa = PBXFileReference; lastKnownFileType = audio.wav; path = Ominous.wav; sourceTree = "<group>"; };
		257EB0A820E19BFC009369A8 /* PageTurn.wav */ = {isa = PBXFileReference; lastKnownFileType = audio.wav; path = PageTurn.wav; sourceTree = "<group>"; };
		257EB0A920E19BFC009369A8 /* HappyEnding.wav */ = {isa = PBXFileReference; lastKnownFileType = audio.wav; path = HappyEnding.wav; sourceTree = "<group>"; };
		257EB0AD20E19C69009369A8 /* Audio.swift */ = {isa = PBXFileReference; lastKnownFileType = sourcecode.swift; path = Audio.swift; sourceTree = "<group>"; };
/* End PBXFileReference section */

/* Begin PBXFrameworksBuildPhase section */
		257EB08620DC6490009369A8 /* Frameworks */ = {
			isa = PBXFrameworksBuildPhase;
			buildActionMask = 2147483647;
			files = (
			);
			runOnlyForDeploymentPostprocessing = 0;
		};
/* End PBXFrameworksBuildPhase section */

/* Begin PBXGroup section */
		257EB08020DC6490009369A8 = {
			isa = PBXGroup;
			children = (
				257EB08B20DC6490009369A8 /* InteractiveStoryApp */,
				257EB08A20DC6490009369A8 /* Products */,
			);
			sourceTree = "<group>";
		};
		257EB08A20DC6490009369A8 /* Products */ = {
			isa = PBXGroup;
			children = (
				257EB08920DC6490009369A8 /* InteractiveStoryApp.app */,
			);
			name = Products;
			sourceTree = "<group>";
		};
		257EB08B20DC6490009369A8 /* InteractiveStoryApp */ = {
			isa = PBXGroup;
			children = (
				257EB08C20DC6490009369A8 /* AppDelegate.swift */,
				257EB0AD20E19C69009369A8 /* Audio.swift */,
				257EB0A020DC6F7B009369A8 /* Page.swift */,
				257EB0A220DC7B89009369A8 /* PageController.swift */,
				257EB09E20DC6BB7009369A8 /* Story.swift */,
				257EB08E20DC6490009369A8 /* ViewController.swift */,
				257EB09020DC6490009369A8 /* Main.storyboard */,
				257EB09520DC6492009369A8 /* LaunchScreen.storyboard */,
				257EB09320DC6492009369A8 /* Assets.xcassets */,
				257EB09820DC6492009369A8 /* Info.plist */,
				257EB0A420E19BA3009369A8 /* Resources */,
			);
			path = InteractiveStoryApp;
			sourceTree = "<group>";
		};
		257EB0A420E19BA3009369A8 /* Resources */ = {
			isa = PBXGroup;
			children = (
				257EB0A920E19BFC009369A8 /* HappyEnding.wav */,
				257EB0A720E19BFC009369A8 /* Ominous.wav */,
				257EB0A820E19BFC009369A8 /* PageTurn.wav */,
			);
			path = Resources;
			sourceTree = "<group>";
		};
/* End PBXGroup section */

/* Begin PBXNativeTarget section */
		257EB08820DC6490009369A8 /* InteractiveStoryApp */ = {
			isa = PBXNativeTarget;
			buildConfigurationList = 257EB09B20DC6492009369A8 /* Build configuration list for PBXNativeTarget "InteractiveStoryApp" */;
			buildPhases = (
				257EB08520DC6490009369A8 /* Sources */,
				257EB08620DC6490009369A8 /* Frameworks */,
				257EB08720DC6490009369A8 /* Resources */,
			);
			buildRules = (
			);
			dependencies = (
			);
			name = InteractiveStoryApp;
			productName = InteractiveStoryApp;
			productReference = 257EB08920DC6490009369A8 /* InteractiveStoryApp.app */;
			productType = "com.apple.product-type.application";
		};
/* End PBXNativeTarget section */

/* Begin PBXProject section */
		257EB08120DC6490009369A8 /* Project object */ = {
			isa = PBXProject;
			attributes = {
				LastSwiftUpdateCheck = 0940;
				LastUpgradeCheck = 0940;
				ORGANIZATIONNAME = "Devodriq Roberts";
				TargetAttributes = {
					257EB08820DC6490009369A8 = {
						CreatedOnToolsVersion = 9.4.1;
					};
				};
			};
			buildConfigurationList = 257EB08420DC6490009369A8 /* Build configuration list for PBXProject "InteractiveStoryApp" */;
			compatibilityVersion = "Xcode 9.3";
			developmentRegion = en;
			hasScannedForEncodings = 0;
			knownRegions = (
				en,
				Base,
			);
			mainGroup = 257EB08020DC6490009369A8;
			productRefGroup = 257EB08A20DC6490009369A8 /* Products */;
			projectDirPath = "";
			projectRoot = "";
			targets = (
				257EB08820DC6490009369A8 /* InteractiveStoryApp */,
			);
		};
/* End PBXProject section */

/* Begin PBXResourcesBuildPhase section */
		257EB08720DC6490009369A8 /* Resources */ = {
			isa = PBXResourcesBuildPhase;
			buildActionMask = 2147483647;
			files = (
				257EB0AA20E19BFC009369A8 /* Ominous.wav in Resources */,
				257EB09720DC6492009369A8 /* LaunchScreen.storyboard in Resources */,
				257EB09420DC6492009369A8 /* Assets.xcassets in Resources */,
				257EB0AB20E19BFC009369A8 /* PageTurn.wav in Resources */,
				257EB09220DC6490009369A8 /* Main.storyboard in Resources */,
				257EB0AC20E19BFC009369A8 /* HappyEnding.wav in Resources */,
			);
			runOnlyForDeploymentPostprocessing = 0;
		};
/* End PBXResourcesBuildPhase section */

/* Begin PBXSourcesBuildPhase section */
		257EB08520DC6490009369A8 /* Sources */ = {
			isa = PBXSourcesBuildPhase;
			buildActionMask = 2147483647;
			files = (
				257EB0AE20E19C69009369A8 /* Audio.swift in Sources */,
				257EB08F20DC6490009369A8 /* ViewController.swift in Sources */,
				257EB08D20DC6490009369A8 /* AppDelegate.swift in Sources */,
				257EB0A120DC6F7B009369A8 /* Page.swift in Sources */,
				257EB09F20DC6BB7009369A8 /* Story.swift in Sources */,
				257EB0A320DC7B89009369A8 /* PageController.swift in Sources */,
			);
			runOnlyForDeploymentPostprocessing = 0;
		};
/* End PBXSourcesBuildPhase section */

/* Begin PBXVariantGroup section */
		257EB09020DC6490009369A8 /* Main.storyboard */ = {
			isa = PBXVariantGroup;
			children = (
				257EB09120DC6490009369A8 /* Base */,
			);
			name = Main.storyboard;
			sourceTree = "<group>";
		};
		257EB09520DC6492009369A8 /* LaunchScreen.storyboard */ = {
			isa = PBXVariantGroup;
			children = (
				257EB09620DC6492009369A8 /* Base */,
			);
			name = LaunchScreen.storyboard;
			sourceTree = "<group>";
		};
/* End PBXVariantGroup section */

/* Begin XCBuildConfiguration section */
		257EB09920DC6492009369A8 /* Debug */ = {
			isa = XCBuildConfiguration;
			buildSettings = {
				ALWAYS_SEARCH_USER_PATHS = NO;
				CLANG_ANALYZER_NONNULL = YES;
				CLANG_ANALYZER_NUMBER_OBJECT_CONVERSION = YES_AGGRESSIVE;
				CLANG_CXX_LANGUAGE_STANDARD = "gnu++14";
				CLANG_CXX_LIBRARY = "libc++";
				CLANG_ENABLE_MODULES = YES;
				CLANG_ENABLE_OBJC_ARC = YES;
				CLANG_ENABLE_OBJC_WEAK = YES;
				CLANG_WARN_BLOCK_CAPTURE_AUTORELEASING = YES;
				CLANG_WARN_BOOL_CONVERSION = YES;
				CLANG_WARN_COMMA = YES;
				CLANG_WARN_CONSTANT_CONVERSION = YES;
				CLANG_WARN_DEPRECATED_OBJC_IMPLEMENTATIONS = YES;
				CLANG_WARN_DIRECT_OBJC_ISA_USAGE = YES_ERROR;
				CLANG_WARN_DOCUMENTATION_COMMENTS = YES;
				CLANG_WARN_EMPTY_BODY = YES;
				CLANG_WARN_ENUM_CONVERSION = YES;
				CLANG_WARN_INFINITE_RECURSION = YES;
				CLANG_WARN_INT_CONVERSION = YES;
				CLANG_WARN_NON_LITERAL_NULL_CONVERSION = YES;
				CLANG_WARN_OBJC_IMPLICIT_RETAIN_SELF = YES;
				CLANG_WARN_OBJC_LITERAL_CONVERSION = YES;
				CLANG_WARN_OBJC_ROOT_CLASS = YES_ERROR;
				CLANG_WARN_RANGE_LOOP_ANALYSIS = YES;
				CLANG_WARN_STRICT_PROTOTYPES = YES;
				CLANG_WARN_SUSPICIOUS_MOVE = YES;
				CLANG_WARN_UNGUARDED_AVAILABILITY = YES_AGGRESSIVE;
				CLANG_WARN_UNREACHABLE_CODE = YES;
				CLANG_WARN__DUPLICATE_METHOD_MATCH = YES;
				CODE_SIGN_IDENTITY = "iPhone Developer";
				COPY_PHASE_STRIP = NO;
				DEBUG_INFORMATION_FORMAT = dwarf;
				ENABLE_STRICT_OBJC_MSGSEND = YES;
				ENABLE_TESTABILITY = YES;
				GCC_C_LANGUAGE_STANDARD = gnu11;
				GCC_DYNAMIC_NO_PIC = NO;
				GCC_NO_COMMON_BLOCKS = YES;
				GCC_OPTIMIZATION_LEVEL = 0;
				GCC_PREPROCESSOR_DEFINITIONS = (
					"DEBUG=1",
					"$(inherited)",
				);
				GCC_WARN_64_TO_32_BIT_CONVERSION = YES;
				GCC_WARN_ABOUT_RETURN_TYPE = YES_ERROR;
				GCC_WARN_UNDECLARED_SELECTOR = YES;
				GCC_WARN_UNINITIALIZED_AUTOS = YES_AGGRESSIVE;
				GCC_WARN_UNUSED_FUNCTION = YES;
				GCC_WARN_UNUSED_VARIABLE = YES;
				IPHONEOS_DEPLOYMENT_TARGET = 11.4;
				MTL_ENABLE_DEBUG_INFO = YES;
				ONLY_ACTIVE_ARCH = YES;
				SDKROOT = iphoneos;
				SWIFT_ACTIVE_COMPILATION_CONDITIONS = DEBUG;
				SWIFT_OPTIMIZATION_LEVEL = "-Onone";
			};
			name = Debug;
		};
		257EB09A20DC6492009369A8 /* Release */ = {
			isa = XCBuildConfiguration;
			buildSettings = {
				ALWAYS_SEARCH_USER_PATHS = NO;
				CLANG_ANALYZER_NONNULL = YES;
				CLANG_ANALYZER_NUMBER_OBJECT_CONVERSION = YES_AGGRESSIVE;
				CLANG_CXX_LANGUAGE_STANDARD = "gnu++14";
				CLANG_CXX_LIBRARY = "libc++";
				CLANG_ENABLE_MODULES = YES;
				CLANG_ENABLE_OBJC_ARC = YES;
				CLANG_ENABLE_OBJC_WEAK = YES;
				CLANG_WARN_BLOCK_CAPTURE_AUTORELEASING = YES;
				CLANG_WARN_BOOL_CONVERSION = YES;
				CLANG_WARN_COMMA = YES;
				CLANG_WARN_CONSTANT_CONVERSION = YES;
				CLANG_WARN_DEPRECATED_OBJC_IMPLEMENTATIONS = YES;
				CLANG_WARN_DIRECT_OBJC_ISA_USAGE = YES_ERROR;
				CLANG_WARN_DOCUMENTATION_COMMENTS = YES;
				CLANG_WARN_EMPTY_BODY = YES;
				CLANG_WARN_ENUM_CONVERSION = YES;
				CLANG_WARN_INFINITE_RECURSION = YES;
				CLANG_WARN_INT_CONVERSION = YES;
				CLANG_WARN_NON_LITERAL_NULL_CONVERSION = YES;
				CLANG_WARN_OBJC_IMPLICIT_RETAIN_SELF = YES;
				CLANG_WARN_OBJC_LITERAL_CONVERSION = YES;
				CLANG_WARN_OBJC_ROOT_CLASS = YES_ERROR;
				CLANG_WARN_RANGE_LOOP_ANALYSIS = YES;
				CLANG_WARN_STRICT_PROTOTYPES = YES;
				CLANG_WARN_SUSPICIOUS_MOVE = YES;
				CLANG_WARN_UNGUARDED_AVAILABILITY = YES_AGGRESSIVE;
				CLANG_WARN_UNREACHABLE_CODE = YES;
				CLANG_WARN__DUPLICATE_METHOD_MATCH = YES;
				CODE_SIGN_IDENTITY = "iPhone Developer";
				COPY_PHASE_STRIP = NO;
				DEBUG_INFORMATION_FORMAT = "dwarf-with-dsym";
				ENABLE_NS_ASSERTIONS = NO;
				ENABLE_STRICT_OBJC_MSGSEND = YES;
				GCC_C_LANGUAGE_STANDARD = gnu11;
				GCC_NO_COMMON_BLOCKS = YES;
				GCC_WARN_64_TO_32_BIT_CONVERSION = YES;
				GCC_WARN_ABOUT_RETURN_TYPE = YES_ERROR;
				GCC_WARN_UNDECLARED_SELECTOR = YES;
				GCC_WARN_UNINITIALIZED_AUTOS = YES_AGGRESSIVE;
				GCC_WARN_UNUSED_FUNCTION = YES;
				GCC_WARN_UNUSED_VARIABLE = YES;
				IPHONEOS_DEPLOYMENT_TARGET = 11.4;
				MTL_ENABLE_DEBUG_INFO = NO;
				SDKROOT = iphoneos;
				SWIFT_COMPILATION_MODE = wholemodule;
				SWIFT_OPTIMIZATION_LEVEL = "-O";
				VALIDATE_PRODUCT = YES;
			};
			name = Release;
		};
		257EB09C20DC6492009369A8 /* Debug */ = {
			isa = XCBuildConfiguration;
			buildSettings = {
				ASSETCATALOG_COMPILER_APPICON_NAME = AppIcon;
				CODE_SIGN_STYLE = Automatic;
				DEVELOPMENT_TEAM = R324JN2J7P;
				INFOPLIST_FILE = InteractiveStoryApp/Info.plist;
				LD_RUNPATH_SEARCH_PATHS = (
					"$(inherited)",
					"@executable_path/Frameworks",
				);
				PRODUCT_BUNDLE_IDENTIFIER = co.DevodriqRoberts.InteractiveStoryApp;
				PRODUCT_NAME = "$(TARGET_NAME)";
				SWIFT_VERSION = 4.0;
				TARGETED_DEVICE_FAMILY = "1,2";
			};
			name = Debug;
		};
		257EB09D20DC6492009369A8 /* Release */ = {
			isa = XCBuildConfiguration;
			buildSettings = {
				ASSETCATALOG_COMPILER_APPICON_NAME = AppIcon;
				CODE_SIGN_STYLE = Automatic;
				DEVELOPMENT_TEAM = R324JN2J7P;
				INFOPLIST_FILE = InteractiveStoryApp/Info.plist;
				LD_RUNPATH_SEARCH_PATHS = (
					"$(inherited)",
					"@executable_path/Frameworks",
				);
				PRODUCT_BUNDLE_IDENTIFIER = co.DevodriqRoberts.InteractiveStoryApp;
				PRODUCT_NAME = "$(TARGET_NAME)";
				SWIFT_VERSION = 4.0;
				TARGETED_DEVICE_FAMILY = "1,2";
			};
			name = Release;
		};
/* End XCBuildConfiguration section */

/* Begin XCConfigurationList section */
		257EB08420DC6490009369A8 /* Build configuration list for PBXProject "InteractiveStoryApp" */ = {
			isa = XCConfigurationList;
			buildConfigurations = (
				257EB09920DC6492009369A8 /* Debug */,
				257EB09A20DC6492009369A8 /* Release */,
			);
			defaultConfigurationIsVisible = 0;
			defaultConfigurationName = Release;
		};
		257EB09B20DC6492009369A8 /* Build configuration list for PBXNativeTarget "InteractiveStoryApp" */ = {
			isa = XCConfigurationList;
			buildConfigurations = (
				257EB09C20DC6492009369A8 /* Debug */,
				257EB09D20DC6492009369A8 /* Release */,
			);
			defaultConfigurationIsVisible = 0;
			defaultConfigurationName = Release;
		};
/* End XCConfigurationList section */
	};
	rootObject = 257EB08120DC6490009369A8 /* Project object */;
}
